
Microsoft Visual Studio Solution File, Format Version 12.00
# Visual Studio Version 16
VisualStudioVersion = 16.0.30204.135
MinimumVisualStudioVersion = 10.0.40219.1
Project("{FAE04EC0-301F-11D3-BF4B-00C04F79EFBC}") = "sudoku", "sudoku\sudoku.csproj", "{4FF59891-5CF0-45D4-A698-0A60447F7896}"
EndProject
Global
	GlobalSection(SolutionConfigurationPlatforms) = preSolution
		Debug|Any CPU = Debug|Any CPU
		Release|Any CPU = Release|Any CPU
	EndGlobalSection
	GlobalSection(ProjectConfigurationPlatforms) = postSolution
		{4FF59891-5CF0-45D4-A698-0A60447F7896}.Debug|Any CPU.ActiveCfg = Debug|Any CPU
		{4FF59891-5CF0-45D4-A698-0A60447F7896}.Debug|Any CPU.Build.0 = Debug|Any CPU
		{4FF59891-5CF0-45D4-A698-0A60447F7896}.Release|Any CPU.ActiveCfg = Release|Any CPU
		{4FF59891-5CF0-45D4-A698-0A60447F7896}.Release|Any CPU.Build.0 = Release|Any CPU
	EndGlobalSection
	GlobalSection(SolutionProperties) = preSolution
		HideSolutionNode = FALSE
	EndGlobalSection
	GlobalSection(ExtensibilityGlobals) = postSolution
		SolutionGuid = {9119616F-68D1-4B36-904D-2148038944D1}
	EndGlobalSection
EndGlobal
